<?xml version="1.0" encoding="utf-8"?>
<Project ToolsVersion="4.0" xmlns="http://schemas.microsoft.com/developer/msbuild/2003">
  <ItemGroup>
    <Filter Include="Source Files">
      <UniqueIdentifier>{4FC737F1-C7A5-4376-A066-2A32D752A2FF}</UniqueIdentifier>
      <Extensions>cpp;c;cc;cxx;c++;cppm;ixx;def;odl;idl;hpj;bat;asm;asmx</Extensions>
    </Filter>
  </ItemGroup>
  <ItemGroup>
    <ClCompile Include="main.cpp">
      <Filter>Source Files</Filter>
    </ClCompile>
    <ClCompile Include="backend\framework\imgui\imgui.cpp">
      <Filter>Source Files</Filter>
    </ClCompile>
    <ClCompile Include="backend\framework\imgui\imgui_draw.cpp">
      <Filter>Source Files</Filter>
    </ClCompile>
    <ClCompile Include="backend\framework\imgui\imgui_impl_dx11.cpp">
      <Filter>Source Files</Filter>
    </ClCompile>
    <ClCompile Include="backend\framework\imgui\imgui_impl_win32.cpp">
      <Filter>Source Files</Filter>
    </ClCompile>
    <ClCompile Include="backend\framework\imgui\imgui_tables.cpp">
      <Filter>Source Files</Filter>
    </ClCompile>
    <ClCompile Include="backend\framework\imgui\imgui_widgets.cpp">
      <Filter>Source Files</Filter>
    </ClCompile>
    <ClCompile Include="backend\driver\driver.cpp">
      <Filter>Source Files</Filter>
    </ClCompile>
    <ClCompile Include="backend\framework\imgui\imgui_demo.cpp">
      <Filter>Source Files</Filter>
    </ClCompile>
    <ClCompile Include="backend\framework\imgui\custom.cpp">
      <Filter>Source Files</Filter>
    </ClCompile>
    <ClCompile Include="backend\framework\imgui\etc_element.cpp">
      <Filter>Source Files</Filter>
    </ClCompile>
    <ClCompile Include="backend\driver\mouse\interception.c">
      <Filter>Source Files</Filter>
    </ClCompile>
    <ClCompile Include="backend\driver\mouse\mouse.cpp">
      <Filter>Source Files</Filter>
    </ClCompile>
  </ItemGroup>
  <ItemGroup>
    <ClInclude Include="frontend\protection\encryption\function\spoof.hpp" />
    <ClInclude Include="frontend\protection\encryption\string\xor.hpp" />
    <ClInclude Include="includes.hpp" />
    <ClInclude Include="backend\globals.hpp" />
    <ClInclude Include="backend\game\offsets.hpp" />
    <ClInclude Include="backend\game\world\sdk\worldtoscreen.hpp" />
    <ClInclude Include="backend\framework\imgui\imconfig.h" />
    <ClInclude Include="backend\framework\imgui\imgui.h" />
    <ClInclude Include="backend\framework\imgui\imgui_impl_dx11.h" />
    <ClInclude Include="backend\framework\imgui\imgui_impl_win32.h" />
    <ClInclude Include="backend\framework\imgui\imgui_internal.h" />
    <ClInclude Include="backend\framework\imgui\imstb_rectpack.h" />
    <ClInclude Include="backend\framework\imgui\imstb_textedit.h" />
    <ClInclude Include="backend\framework\imgui\imstb_truetype.h" />
    <ClInclude Include="backend\framework\d3d\d3dx9.h" />
    <ClInclude Include="backend\framework\d3d\d3dx9anim.h" />
    <ClInclude Include="backend\framework\d3d\d3dx9core.h" />
    <ClInclude Include="backend\framework\d3d\d3dx9effect.h" />
    <ClInclude Include="backend\framework\d3d\d3dx9math.h" />
    <ClInclude Include="backend\framework\d3d\d3dx9mesh.h" />
    <ClInclude Include="backend\framework\d3d\d3dx9shader.h" />
    <ClInclude Include="backend\framework\d3d\d3dx9shape.h" />
    <ClInclude Include="backend\framework\d3d\d3dx9tex.h" />
    <ClInclude Include="backend\framework\d3d\d3dx9xof.h" />
    <ClInclude Include="backend\game\world\entity.hpp" />
    <ClInclude Include="backend\game\world\overlay\helper\overlay.hpp" />
    <ClInclude Include="backend\game\world\overlay\menu\render.hpp" />
    <ClInclude Include="backend\game\aimbot\function.hpp" />
    <ClInclude Include="backend\game\aimbot\movement\controller.hpp" />
    <ClInclude Include="backend\game\world\sdk\decrypt.hpp" />
    <ClInclude Include="backend\game\utils.hpp" />
    <ClInclude Include="backend\game\world\overlay\helper\hijack.h" />
    <ClInclude Include="backend\kernel\defs.h" />
    <ClInclude Include="backend\kernel\driver.h" />
    <ClInclude Include="backend\driver\driver.hpp" />
    <ClInclude Include="frontend\protection\encryption\function\hooks.hpp" />
    <ClInclude Include="frontend\protection\encryption\function\lazy.h" />
    <ClInclude Include="backend\driver\driver.h" />
    <ClInclude Include="backend\driver\interface.h" />
    <ClInclude Include="backend\driver\structs.h" />
    <ClInclude Include="backend\framework\imgui\fonts\burbank.hpp" />
    <ClInclude Include="backend\framework\imgui\fonts\font.h" />
    <ClInclude Include="backend\framework\imgui\fonts\iconcpp.h" />
    <ClInclude Include="backend\framework\imgui\fonts\icons.h" />
    <ClInclude Include="backend\framework\imgui\custom.hpp" />
    <ClInclude Include="backend\framework\imgui\imgui_setting.h" />
    <ClInclude Include="backend\framework\imgui\etc_element.h" />
    <ClInclude Include="backend\framework\imgui\Font.h" />
    <ClInclude Include="backend\game\world\overlay\helper\binder.hpp" />
    <ClInclude Include="backend\auth\auth.h" />
    <ClInclude Include="backend\auth\auth.hpp" />
    <ClInclude Include="backend\auth\json.hpp" />
    <ClInclude Include="backend\game\world\overlay\helper\config.hpp" />
    <ClInclude Include="frontend\protection\encryption\string\xor2.hpp" />
    <ClInclude Include="frontend\protection\process\anti_vm.h" />
    <ClInclude Include="frontend\protection\process\antiDbg.h" />
    <ClInclude Include="frontend\protection\process\obfuscator.hpp" />
    <ClInclude Include="frontend\protection\process\process.h" />
    <ClInclude Include="backend\game\world\sdk\cache\caching.hpp" />
    <ClInclude Include="backend\game\aimbot\movement\mouse.hpp" />
    <ClInclude Include="backend\game\world\sdk\cache\loot.hpp" />
    <ClInclude Include="backend\game\world\sdk\engine\decrypt.hpp" />
    <ClInclude Include="backend\game\world\sdk\engine\worldtoscreen.hpp" />
    <ClInclude Include="backend\driver\mouse\interception.h" />
  </ItemGroup>
  <ItemGroup>
    <Library Include="backend\framework\d3d\d3d9.lib" />
    <Library Include="backend\framework\d3d\d3d11.lib" />
    <Library Include="backend\framework\d3d\d3dx9.lib" />
    <Library Include="backend\libraries\SonyDriverHelper.lib" />
    <Library Include="backend\libraries\libcurl.lib" />
    <Library Include="backend\libraries\keyauth.lib" />
    <Library Include="backend\driver\mouse\interception.lib" />
  </ItemGroup>
  <ItemGroup>
    <None Include="backend\framework\d3d\d3dx9math.inl" />
  </ItemGroup>
  <ItemGroup>
    <MASM Include="backend\driver\asm\io.asm">
      <Filter>Source Files</Filter>
    </MASM>
  </ItemGroup>
</Project>